// !$*UTF8*$!
{
	archiveVersion = 1;
	classes = {
	};
	objectVersion = 50;
	objects = {

/* Begin PBXBuildFile section */
		41E933AF2221BEBB00E29A38 /* AppDelegate.swift in Sources */ = {isa = PBXBuildFile; fileRef = 41E933AE2221BEBB00E29A38 /* AppDelegate.swift */; };
		41E933B12221BEBB00E29A38 /* ViewController.swift in Sources */ = {isa = PBXBuildFile; fileRef = 41E933B02221BEBB00E29A38 /* ViewController.swift */; };
		41E933B42221BEBB00E29A38 /* Main.storyboard in Resources */ = {isa = PBXBuildFile; fileRef = 41E933B22221BEBB00E29A38 /* Main.storyboard */; };
		41E933B62221BEBC00E29A38 /* Assets.xcassets in Resources */ = {isa = PBXBuildFile; fileRef = 41E933B52221BEBC00E29A38 /* Assets.xcassets */; };
		41E933B92221BEBC00E29A38 /* LaunchScreen.storyboard in Resources */ = {isa = PBXBuildFile; fileRef = 41E933B72221BEBC00E29A38 /* LaunchScreen.storyboard */; };
		41E933C12221C63B00E29A38 /* Api.swift in Sources */ = {isa = PBXBuildFile; fileRef = 41E933C02221C63B00E29A38 /* Api.swift */; };
		E7C432EB7B5C66B65403E8A2 /* Pods_DartMobile.framework in Frameworks */ = {isa = PBXBuildFile; fileRef = A8F1DFA660110583F1E089CD /* Pods_DartMobile.framework */; };
/* End PBXBuildFile section */

/* Begin PBXFileReference section */
		0F90264EA1998D199D66A33A /* Pods-DartMobile.debug.xcconfig */ = {isa = PBXFileReference; includeInIndex = 1; lastKnownFileType = text.xcconfig; name = "Pods-DartMobile.debug.xcconfig"; path = "Target Support Files/Pods-DartMobile/Pods-DartMobile.debug.xcconfig"; sourceTree = "<group>"; };
		41E933AB2221BEBB00E29A38 /* DartMobile.app */ = {isa = PBXFileReference; explicitFileType = wrapper.application; includeInIndex = 0; path = DartMobile.app; sourceTree = BUILT_PRODUCTS_DIR; };
		41E933AE2221BEBB00E29A38 /* AppDelegate.swift */ = {isa = PBXFileReference; lastKnownFileType = sourcecode.swift; path = AppDelegate.swift; sourceTree = "<group>"; };
		41E933B02221BEBB00E29A38 /* ViewController.swift */ = {isa = PBXFileReference; lastKnownFileType = sourcecode.swift; path = ViewController.swift; sourceTree = "<group>"; };
		41E933B32221BEBB00E29A38 /* Base */ = {isa = PBXFileReference; lastKnownFileType = file.storyboard; name = Base; path = Base.lproj/Main.storyboard; sourceTree = "<group>"; };
		41E933B52221BEBC00E29A38 /* Assets.xcassets */ = {isa = PBXFileReference; lastKnownFileType = folder.assetcatalog; path = Assets.xcassets; sourceTree = "<group>"; };
		41E933B82221BEBC00E29A38 /* Base */ = {isa = PBXFileReference; lastKnownFileType = file.storyboard; name = Base; path = Base.lproj/LaunchScreen.storyboard; sourceTree = "<group>"; };
		41E933BA2221BEBC00E29A38 /* Info.plist */ = {isa = PBXFileReference; lastKnownFileType = text.plist.xml; path = Info.plist; sourceTree = "<group>"; };
		41E933C02221C63B00E29A38 /* Api.swift */ = {isa = PBXFileReference; lastKnownFileType = sourcecode.swift; path = Api.swift; sourceTree = "<group>"; };
		62361E6F91FB84C080FFD864 /* Pods-DartMobile.release.xcconfig */ = {isa = PBXFileReference; includeInIndex = 1; lastKnownFileType = text.xcconfig; name = "Pods-DartMobile.release.xcconfig"; path = "Target Support Files/Pods-DartMobile/Pods-DartMobile.release.xcconfig"; sourceTree = "<group>"; };
		A8F1DFA660110583F1E089CD /* Pods_DartMobile.framework */ = {isa = PBXFileReference; explicitFileType = wrapper.framework; includeInIndex = 0; path = Pods_DartMobile.framework; sourceTree = BUILT_PRODUCTS_DIR; };
/* End PBXFileReference section */

/* Begin PBXFrameworksBuildPhase section */
		41E933A82221BEBB00E29A38 /* Frameworks */ = {
			isa = PBXFrameworksBuildPhase;
			buildActionMask = 2147483647;
			files = (
				E7C432EB7B5C66B65403E8A2 /* Pods_DartMobile.framework in Frameworks */,
			);
			runOnlyForDeploymentPostprocessing = 0;
		};
/* End PBXFrameworksBuildPhase section */

/* Begin PBXGroup section */
		41E933A22221BEBB00E29A38 = {
			isa = PBXGroup;
			children = (
				41E933AD2221BEBB00E29A38 /* DartMobile */,
				41E933AC2221BEBB00E29A38 /* Products */,
				7075609A169B9C0BB07791CA /* Pods */,
				799E694555E3170264AEF123 /* Frameworks */,
			);
			sourceTree = "<group>";
		};
		41E933AC2221BEBB00E29A38 /* Products */ = {
			isa = PBXGroup;
			children = (
				41E933AB2221BEBB00E29A38 /* DartMobile.app */,
			);
			name = Products;
			sourceTree = "<group>";
		};
		41E933AD2221BEBB00E29A38 /* DartMobile */ = {
			isa = PBXGroup;
			children = (
				41E933C02221C63B00E29A38 /* Api.swift */,
				41E933AE2221BEBB00E29A38 /* AppDelegate.swift */,
				41E933B02221BEBB00E29A38 /* ViewController.swift */,
				41E933B22221BEBB00E29A38 /* Main.storyboard */,
				41E933B52221BEBC00E29A38 /* Assets.xcassets */,
				41E933B72221BEBC00E29A38 /* LaunchScreen.storyboard */,
				41E933BA2221BEBC00E29A38 /* Info.plist */,
			);
			path = DartMobile;
			sourceTree = "<group>";
		};
		7075609A169B9C0BB07791CA /* Pods */ = {
			isa = PBXGroup;
			children = (
				0F90264EA1998D199D66A33A /* Pods-DartMobile.debug.xcconfig */,
				62361E6F91FB84C080FFD864 /* Pods-DartMobile.release.xcconfig */,
			);
			path = Pods;
			sourceTree = "<group>";
		};
		799E694555E3170264AEF123 /* Frameworks */ = {
			isa = PBXGroup;
			children = (
				A8F1DFA660110583F1E089CD /* Pods_DartMobile.framework */,
			);
			name = Frameworks;
			sourceTree = "<group>";
		};
/* End PBXGroup section */

/* Begin PBXNativeTarget section */
		41E933AA2221BEBB00E29A38 /* DartMobile */ = {
			isa = PBXNativeTarget;
			buildConfigurationList = 41E933BD2221BEBC00E29A38 /* Build configuration list for PBXNativeTarget "DartMobile" */;
			buildPhases = (
				D8B4D60C1BA9474B58149E9C /* [CP] Check Pods Manifest.lock */,
				41E933A72221BEBB00E29A38 /* Sources */,
				41E933A82221BEBB00E29A38 /* Frameworks */,
				41E933A92221BEBB00E29A38 /* Resources */,
				EC5E32CE0BFDDB3F829A5B0F /* [CP] Embed Pods Frameworks */,
			);
			buildRules = (
			);
			dependencies = (
			);
			name = DartMobile;
			productName = DartMobile;
			productReference = 41E933AB2221BEBB00E29A38 /* DartMobile.app */;
			productType = "com.apple.product-type.application";
		};
/* End PBXNativeTarget section */

/* Begin PBXProject section */
		41E933A32221BEBB00E29A38 /* Project object */ = {
			isa = PBXProject;
			attributes = {
				LastSwiftUpdateCheck = 0940;
				LastUpgradeCheck = 0940;
				ORGANIZATIONNAME = "vanya elizarov";
				TargetAttributes = {
					41E933AA2221BEBB00E29A38 = {
						CreatedOnToolsVersion = 9.4.1;
					};
				};
			};
			buildConfigurationList = 41E933A62221BEBB00E29A38 /* Build configuration list for PBXProject "DartMobile" */;
			compatibilityVersion = "Xcode 9.3";
			developmentRegion = en;
			hasScannedForEncodings = 0;
			knownRegions = (
				en,
				Base,
			);
			mainGroup = 41E933A22221BEBB00E29A38;
			productRefGroup = 41E933AC2221BEBB00E29A38 /* Products */;
			projectDirPath = "";
			projectRoot = "";
			targets = (
				41E933AA2221BEBB00E29A38 /* DartMobile */,
			);
		};
/* End PBXProject section */

/* Begin PBXResourcesBuildPhase section */
		41E933A92221BEBB00E29A38 /* Resources */ = {
			isa = PBXResourcesBuildPhase;
			buildActionMask = 2147483647;
			files = (
				41E933B92221BEBC00E29A38 /* LaunchScreen.storyboard in Resources */,
				41E933B62221BEBC00E29A38 /* Assets.xcassets in Resources */,
				41E933B42221BEBB00E29A38 /* Main.storyboard in Resources */,
			);
			runOnlyForDeploymentPostprocessing = 0;
		};
/* End PBXResourcesBuildPhase section */

/* Begin PBXShellScriptBuildPhase section */
		D8B4D60C1BA9474B58149E9C /* [CP] Check Pods Manifest.lock */ = {
			isa = PBXShellScriptBuildPhase;
			buildActionMask = 2147483647;
			files = (
			);
			inputPaths = (
				"${PODS_PODFILE_DIR_PATH}/Podfile.lock",
				"${PODS_ROOT}/Manifest.lock",
			);
			name = "[CP] Check Pods Manifest.lock";
			outputPaths = (
				"$(DERIVED_FILE_DIR)/Pods-DartMobile-checkManifestLockResult.txt",
			);
			runOnlyForDeploymentPostprocessing = 0;
			shellPath = /bin/sh;
			shellScript = "diff \"${PODS_PODFILE_DIR_PATH}/Podfile.lock\" \"${PODS_ROOT}/Manifest.lock\" > /dev/null\nif [ $? != 0 ] ; then\n    # print error to STDERR\n    echo \"error: The sandbox is not in sync with the Podfile.lock. Run 'pod install' or update your CocoaPods installation.\" >&2\n    exit 1\nfi\n# This output is used by Xcode 'outputs' to avoid re-running this script phase.\necho \"SUCCESS\" > \"${SCRIPT_OUTPUT_FILE_0}\"\n";
			showEnvVarsInLog = 0;
		};
		EC5E32CE0BFDDB3F829A5B0F /* [CP] Embed Pods Frameworks */ = {
			isa = PBXShellScriptBuildPhase;
			buildActionMask = 2147483647;
			files = (
			);
			inputPaths = (
				"${PODS_ROOT}/Target Support Files/Pods-DartMobile/Pods-DartMobile-frameworks.sh",
				"${BUILT_PRODUCTS_DIR}/Alamofire/Alamofire.framework",
			);
			name = "[CP] Embed Pods Frameworks";
			outputPaths = (
				"${TARGET_BUILD_DIR}/${FRAMEWORKS_FOLDER_PATH}/Alamofire.framework",
			);
			runOnlyForDeploymentPostprocessing = 0;
			shellPath = /bin/sh;
			shellScript = "\"${PODS_ROOT}/Target Support Files/Pods-DartMobile/Pods-DartMobile-frameworks.sh\"\n";
			showEnvVarsInLog = 0;
		};
/* End PBXShellScriptBuildPhase section */

/* Begin PBXSourcesBuildPhase section */
		41E933A72221BEBB00E29A38 /* Sources */ = {
			isa = PBXSourcesBuildPhase;
			buildActionMask = 2147483647;
			files = (
				41E933C12221C63B00E29A38 /* Api.swift in Sources */,
				41E933B12221BEBB00E29A38 /* ViewController.swift in Sources */,
				41E933AF2221BEBB00E29A38 /* AppDelegate.swift in Sources */,
			);
			runOnlyForDeploymentPostprocessing = 0;
		};
/* End PBXSourcesBuildPhase section */

/* Begin PBXVariantGroup section */
		41E933B22221BEBB00E29A38 /* Main.storyboard */ = {
			isa = PBXVariantGroup;
			children = (
				41E933B32221BEBB00E29A38 /* Base */,
			);
			name = Main.storyboard;
			sourceTree = "<group>";
		};
		41E933B72221BEBC00E29A38 /* LaunchScreen.storyboard */ = {
			isa = PBXVariantGroup;
			children = (
				41E933B82221BEBC00E29A38 /* Base */,
			);
			name = LaunchScreen.storyboard;
			sourceTree = "<group>";
		};
/* End PBXVariantGroup section */

/* Begin XCBuildConfiguration section */
		41E933BB2221BEBC00E29A38 /* Debug */ = {
			isa = XCBuildConfiguration;
			buildSettings = {
				ALWAYS_SEARCH_USER_PATHS = NO;
				CLANG_ANALYZER_NONNULL = YES;
				CLANG_ANALYZER_NUMBER_OBJECT_CONVERSION = YES_AGGRESSIVE;
				CLANG_CXX_LANGUAGE_STANDARD = "gnu++14";
				CLANG_CXX_LIBRARY = "libc++";
				CLANG_ENABLE_MODULES = YES;
				CLANG_ENABLE_OBJC_ARC = YES;
				CLANG_ENABLE_OBJC_WEAK = YES;
				CLANG_WARN_BLOCK_CAPTURE_AUTORELEASING = YES;
				CLANG_WARN_BOOL_CONVERSION = YES;
				CLANG_WARN_COMMA = YES;
				CLANG_WARN_CONSTANT_CONVERSION = YES;
				CLANG_WARN_DEPRECATED_OBJC_IMPLEMENTATIONS = YES;
				CLANG_WARN_DIRECT_OBJC_ISA_USAGE = YES_ERROR;
				CLANG_WARN_DOCUMENTATION_COMMENTS = YES;
				CLANG_WARN_EMPTY_BODY = YES;
				CLANG_WARN_ENUM_CONVERSION = YES;
				CLANG_WARN_INFINITE_RECURSION = YES;
				CLANG_WARN_INT_CONVERSION = YES;
				CLANG_WARN_NON_LITERAL_NULL_CONVERSION = YES;
				CLANG_WARN_OBJC_IMPLICIT_RETAIN_SELF = YES;
				CLANG_WARN_OBJC_LITERAL_CONVERSION = YES;
				CLANG_WARN_OBJC_ROOT_CLASS = YES_ERROR;
				CLANG_WARN_RANGE_LOOP_ANALYSIS = YES;
				CLANG_WARN_STRICT_PROTOTYPES = YES;
				CLANG_WARN_SUSPICIOUS_MOVE = YES;
				CLANG_WARN_UNGUARDED_AVAILABILITY = YES_AGGRESSIVE;
				CLANG_WARN_UNREACHABLE_CODE = YES;
				CLANG_WARN__DUPLICATE_METHOD_MATCH = YES;
				CODE_SIGN_IDENTITY = "iPhone Developer";
				COPY_PHASE_STRIP = NO;
				DEBUG_INFORMATION_FORMAT = dwarf;
				ENABLE_STRICT_OBJC_MSGSEND = YES;
				ENABLE_TESTABILITY = YES;
				GCC_C_LANGUAGE_STANDARD = gnu11;
				GCC_DYNAMIC_NO_PIC = NO;
				GCC_NO_COMMON_BLOCKS = YES;
				GCC_OPTIMIZATION_LEVEL = 0;
				GCC_PREPROCESSOR_DEFINITIONS = (
					"DEBUG=1",
					"$(inherited)",
				);
				GCC_WARN_64_TO_32_BIT_CONVERSION = YES;
				GCC_WARN_ABOUT_RETURN_TYPE = YES_ERROR;
				GCC_WARN_UNDECLARED_SELECTOR = YES;
				GCC_WARN_UNINITIALIZED_AUTOS = YES_AGGRESSIVE;
				GCC_WARN_UNUSED_FUNCTION = YES;
				GCC_WARN_UNUSED_VARIABLE = YES;
				IPHONEOS_DEPLOYMENT_TARGET = 11.4;
				MTL_ENABLE_DEBUG_INFO = YES;
				ONLY_ACTIVE_ARCH = YES;
				SDKROOT = iphoneos;
				SWIFT_ACTIVE_COMPILATION_CONDITIONS = DEBUG;
				SWIFT_OPTIMIZATION_LEVEL = "-Onone";
			};
			name = Debug;
		};
		41E933BC2221BEBC00E29A38 /* Release */ = {
			isa = XCBuildConfiguration;
			buildSettings = {
				ALWAYS_SEARCH_USER_PATHS = NO;
				CLANG_ANALYZER_NONNULL = YES;
				CLANG_ANALYZER_NUMBER_OBJECT_CONVERSION = YES_AGGRESSIVE;
				CLANG_CXX_LANGUAGE_STANDARD = "gnu++14";
				CLANG_CXX_LIBRARY = "libc++";
				CLANG_ENABLE_MODULES = YES;
				CLANG_ENABLE_OBJC_ARC = YES;
				CLANG_ENABLE_OBJC_WEAK = YES;
				CLANG_WARN_BLOCK_CAPTURE_AUTORELEASING = YES;
				CLANG_WARN_BOOL_CONVERSION = YES;
				CLANG_WARN_COMMA = YES;
				CLANG_WARN_CONSTANT_CONVERSION = YES;
				CLANG_WARN_DEPRECATED_OBJC_IMPLEMENTATIONS = YES;
				CLANG_WARN_DIRECT_OBJC_ISA_USAGE = YES_ERROR;
				CLANG_WARN_DOCUMENTATION_COMMENTS = YES;
				CLANG_WARN_EMPTY_BODY = YES;
				CLANG_WARN_ENUM_CONVERSION = YES;
				CLANG_WARN_INFINITE_RECURSION = YES;
				CLANG_WARN_INT_CONVERSION = YES;
				CLANG_WARN_NON_LITERAL_NULL_CONVERSION = YES;
				CLANG_WARN_OBJC_IMPLICIT_RETAIN_SELF = YES;
				CLANG_WARN_OBJC_LITERAL_CONVERSION = YES;
				CLANG_WARN_OBJC_ROOT_CLASS = YES_ERROR;
				CLANG_WARN_RANGE_LOOP_ANALYSIS = YES;
				CLANG_WARN_STRICT_PROTOTYPES = YES;
				CLANG_WARN_SUSPICIOUS_MOVE = YES;
				CLANG_WARN_UNGUARDED_AVAILABILITY = YES_AGGRESSIVE;
				CLANG_WARN_UNREACHABLE_CODE = YES;
				CLANG_WARN__DUPLICATE_METHOD_MATCH = YES;
				CODE_SIGN_IDENTITY = "iPhone Developer";
				COPY_PHASE_STRIP = NO;
				DEBUG_INFORMATION_FORMAT = "dwarf-with-dsym";
				ENABLE_NS_ASSERTIONS = NO;
				ENABLE_STRICT_OBJC_MSGSEND = YES;
				GCC_C_LANGUAGE_STANDARD = gnu11;
				GCC_NO_COMMON_BLOCKS = YES;
				GCC_WARN_64_TO_32_BIT_CONVERSION = YES;
				GCC_WARN_ABOUT_RETURN_TYPE = YES_ERROR;
				GCC_WARN_UNDECLARED_SELECTOR = YES;
				GCC_WARN_UNINITIALIZED_AUTOS = YES_AGGRESSIVE;
				GCC_WARN_UNUSED_FUNCTION = YES;
				GCC_WARN_UNUSED_VARIABLE = YES;
				IPHONEOS_DEPLOYMENT_TARGET = 11.4;
				MTL_ENABLE_DEBUG_INFO = NO;
				SDKROOT = iphoneos;
				SWIFT_COMPILATION_MODE = wholemodule;
				SWIFT_OPTIMIZATION_LEVEL = "-O";
				VALIDATE_PRODUCT = YES;
			};
			name = Release;
		};
		41E933BE2221BEBC00E29A38 /* Debug */ = {
			isa = XCBuildConfiguration;
			baseConfigurationReference = 0F90264EA1998D199D66A33A /* Pods-DartMobile.debug.xcconfig */;
			buildSettings = {
				ASSETCATALOG_COMPILER_APPICON_NAME = AppIcon;
				CODE_SIGN_STYLE = Automatic;
				DEVELOPMENT_TEAM = 438ES9475K;
				INFOPLIST_FILE = DartMobile/Info.plist;
				LD_RUNPATH_SEARCH_PATHS = (
					"$(inherited)",
					"@executable_path/Frameworks",
				);
				PRODUCT_BUNDLE_IDENTIFIER = com.vanelizarov.DartMobile;
				PRODUCT_NAME = "$(TARGET_NAME)";
				SWIFT_VERSION = 4.0;
				TARGETED_DEVICE_FAMILY = "1,2";
			};
			name = Debug;
		};
		41E933BF2221BEBC00E29A38 /* Release */ = {
			isa = XCBuildConfiguration;
			baseConfigurationReference = 62361E6F91FB84C080FFD864 /* Pods-DartMobile.release.xcconfig */;
			buildSettings = {
				ASSETCATALOG_COMPILER_APPICON_NAME = AppIcon;
				CODE_SIGN_STYLE = Automatic;
				DEVELOPMENT_TEAM = 438ES9475K;
				INFOPLIST_FILE = DartMobile/Info.plist;
				LD_RUNPATH_SEARCH_PATHS = (
					"$(inherited)",
					"@executable_path/Frameworks",
				);
				PRODUCT_BUNDLE_IDENTIFIER = com.vanelizarov.DartMobile;
				PRODUCT_NAME = "$(TARGET_NAME)";
				SWIFT_VERSION = 4.0;
				TARGETED_DEVICE_FAMILY = "1,2";
			};
			name = Release;
		};
/* End XCBuildConfiguration section */

/* Begin XCConfigurationList section */
		41E933A62221BEBB00E29A38 /* Build configuration list for PBXProject "DartMobile" */ = {
			isa = XCConfigurationList;
			buildConfigurations = (
				41E933BB2221BEBC00E29A38 /* Debug */,
				41E933BC2221BEBC00E29A38 /* Release */,
			);
			defaultConfigurationIsVisible = 0;
			defaultConfigurationName = Release;
		};
		41E933BD2221BEBC00E29A38 /* Build configuration list for PBXNativeTarget "DartMobile" */ = {
			isa = XCConfigurationList;
			buildConfigurations = (
				41E933BE2221BEBC00E29A38 /* Debug */,
				41E933BF2221BEBC00E29A38 /* Release */,
			);
			defaultConfigurationIsVisible = 0;
			defaultConfigurationName = Release;
		};
/* End XCConfigurationList section */
	};
	rootObject = 41E933A32221BEBB00E29A38 /* Project object */;
}
